
Microsoft Visual Studio Solution File, Format Version 12.00
# Visual Studio Version 17
VisualStudioVersion = 17.6.33829.357
MinimumVisualStudioVersion = 10.0.40219.1
Project("{9A19103F-16F7-4668-BE54-9A1E7A4F7556}") = "NewsAPI", "News\NewsAPI.csproj", "{09FCC9FD-77ED-41E6-A7AF-8CEA82E5CD21}"
EndProject
Project("{FAE04EC0-301F-11D3-BF4B-00C04F79EFBC}") = "NewsApp", "NewsApp\NewsApp.csproj", "{1998FA4B-7591-4C60-A1E3-8632D0961C21}"
EndProject
Global
	GlobalSection(SolutionConfigurationPlatforms) = preSolution
		Debug|Any CPU = Debug|Any CPU
		Release|Any CPU = Release|Any CPU
	EndGlobalSection
	GlobalSection(ProjectConfigurationPlatforms) = postSolution
		{09FCC9FD-77ED-41E6-A7AF-8CEA82E5CD21}.Debug|Any CPU.ActiveCfg = Debug|Any CPU
		{09FCC9FD-77ED-41E6-A7AF-8CEA82E5CD21}.Debug|Any CPU.Build.0 = Debug|Any CPU
		{09FCC9FD-77ED-41E6-A7AF-8CEA82E5CD21}.Release|Any CPU.ActiveCfg = Release|Any CPU
		{09FCC9FD-77ED-41E6-A7AF-8CEA82E5CD21}.Release|Any CPU.Build.0 = Release|Any CPU
		{1998FA4B-7591-4C60-A1E3-8632D0961C21}.Debug|Any CPU.ActiveCfg = Debug|Any CPU
		{1998FA4B-7591-4C60-A1E3-8632D0961C21}.Debug|Any CPU.Build.0 = Debug|Any CPU
		{1998FA4B-7591-4C60-A1E3-8632D0961C21}.Release|Any CPU.ActiveCfg = Release|Any CPU
		{1998FA4B-7591-4C60-A1E3-8632D0961C21}.Release|Any CPU.Build.0 = Release|Any CPU
	EndGlobalSection
	GlobalSection(SolutionProperties) = preSolution
		HideSolutionNode = FALSE
	EndGlobalSection
	GlobalSection(ExtensibilityGlobals) = postSolution
		SolutionGuid = {4145FB23-9659-4A16-8432-50A57A9A3CD8}
	EndGlobalSection
EndGlobal
